
Microsoft Visual Studio Solution File, Format Version 12.00
# Visual Studio Version 16
VisualStudioVersion = 16.0.29926.136
MinimumVisualStudioVersion = 10.0.40219.1
Project("{9A19103F-16F7-4668-BE54-9A1E7A4F7556}") = "OrderProcessingApp", "OrderProcessingApp.Main\OrderProcessingApp.csproj", "{EFFA3B45-374D-4C4D-8ACE-6730D5922E6F}"
EndProject
Project("{9A19103F-16F7-4668-BE54-9A1E7A4F7556}") = "OrderProcesssing.BAL", "OrderProcesssing.BAL\OrderProcesssing.BAL.csproj", "{088D9CFA-7550-4C27-9DB2-C528426DBD55}"
EndProject
Project("{9A19103F-16F7-4668-BE54-9A1E7A4F7556}") = "OrderProcessing.Test", "OrderProcessing.Test\OrderProcessing.Test.csproj", "{20FFEE5A-CC54-4278-909A-730646C1FA62}"
EndProject
Global
	GlobalSection(SolutionConfigurationPlatforms) = preSolution
		Debug|Any CPU = Debug|Any CPU
		Release|Any CPU = Release|Any CPU
	EndGlobalSection
	GlobalSection(ProjectConfigurationPlatforms) = postSolution
		{EFFA3B45-374D-4C4D-8ACE-6730D5922E6F}.Debug|Any CPU.ActiveCfg = Debug|Any CPU
		{EFFA3B45-374D-4C4D-8ACE-6730D5922E6F}.Debug|Any CPU.Build.0 = Debug|Any CPU
		{EFFA3B45-374D-4C4D-8ACE-6730D5922E6F}.Release|Any CPU.ActiveCfg = Release|Any CPU
		{EFFA3B45-374D-4C4D-8ACE-6730D5922E6F}.Release|Any CPU.Build.0 = Release|Any CPU
		{088D9CFA-7550-4C27-9DB2-C528426DBD55}.Debug|Any CPU.ActiveCfg = Debug|Any CPU
		{088D9CFA-7550-4C27-9DB2-C528426DBD55}.Debug|Any CPU.Build.0 = Debug|Any CPU
		{088D9CFA-7550-4C27-9DB2-C528426DBD55}.Release|Any CPU.ActiveCfg = Release|Any CPU
		{088D9CFA-7550-4C27-9DB2-C528426DBD55}.Release|Any CPU.Build.0 = Release|Any CPU
		{20FFEE5A-CC54-4278-909A-730646C1FA62}.Debug|Any CPU.ActiveCfg = Debug|Any CPU
		{20FFEE5A-CC54-4278-909A-730646C1FA62}.Debug|Any CPU.Build.0 = Debug|Any CPU
		{20FFEE5A-CC54-4278-909A-730646C1FA62}.Release|Any CPU.ActiveCfg = Release|Any CPU
		{20FFEE5A-CC54-4278-909A-730646C1FA62}.Release|Any CPU.Build.0 = Release|Any CPU
	EndGlobalSection
	GlobalSection(SolutionProperties) = preSolution
		HideSolutionNode = FALSE
	EndGlobalSection
	GlobalSection(ExtensibilityGlobals) = postSolution
		SolutionGuid = {7C298712-5B87-48DF-BCC9-0FD5EE7BD3C8}
	EndGlobalSection
EndGlobal
