
Microsoft Visual Studio Solution File, Format Version 12.00
# Visual Studio Version 16
VisualStudioVersion = 16.0.29926.136
MinimumVisualStudioVersion = 10.0.40219.1
Project("{9A19103F-16F7-4668-BE54-9A1E7A4F7556}") = "OrderProcessingApp", "OrderProcessingApp.csproj", "{732A7C20-1E0D-42A7-9B4B-1D2B02E7E7EF}"
EndProject
Project("{9A19103F-16F7-4668-BE54-9A1E7A4F7556}") = "OrderProcesssing.BAL", "..\OrderProcesssing.BAL\OrderProcesssing.BAL.csproj", "{0C31622F-CA4E-4898-9FDD-DEA27160456E}"
EndProject
Project("{9A19103F-16F7-4668-BE54-9A1E7A4F7556}") = "OrderProcessing.Test", "..\OrderProcessing.Test\OrderProcessing.Test.csproj", "{D9548161-B898-4783-8C89-E71B9D96FFF7}"
EndProject
Global
	GlobalSection(SolutionConfigurationPlatforms) = preSolution
		Debug|Any CPU = Debug|Any CPU
		Release|Any CPU = Release|Any CPU
	EndGlobalSection
	GlobalSection(ProjectConfigurationPlatforms) = postSolution
		{732A7C20-1E0D-42A7-9B4B-1D2B02E7E7EF}.Debug|Any CPU.ActiveCfg = Debug|Any CPU
		{732A7C20-1E0D-42A7-9B4B-1D2B02E7E7EF}.Debug|Any CPU.Build.0 = Debug|Any CPU
		{732A7C20-1E0D-42A7-9B4B-1D2B02E7E7EF}.Release|Any CPU.ActiveCfg = Release|Any CPU
		{732A7C20-1E0D-42A7-9B4B-1D2B02E7E7EF}.Release|Any CPU.Build.0 = Release|Any CPU
		{0C31622F-CA4E-4898-9FDD-DEA27160456E}.Debug|Any CPU.ActiveCfg = Debug|Any CPU
		{0C31622F-CA4E-4898-9FDD-DEA27160456E}.Debug|Any CPU.Build.0 = Debug|Any CPU
		{0C31622F-CA4E-4898-9FDD-DEA27160456E}.Release|Any CPU.ActiveCfg = Release|Any CPU
		{0C31622F-CA4E-4898-9FDD-DEA27160456E}.Release|Any CPU.Build.0 = Release|Any CPU
		{D9548161-B898-4783-8C89-E71B9D96FFF7}.Debug|Any CPU.ActiveCfg = Debug|Any CPU
		{D9548161-B898-4783-8C89-E71B9D96FFF7}.Debug|Any CPU.Build.0 = Debug|Any CPU
		{D9548161-B898-4783-8C89-E71B9D96FFF7}.Release|Any CPU.ActiveCfg = Release|Any CPU
		{D9548161-B898-4783-8C89-E71B9D96FFF7}.Release|Any CPU.Build.0 = Release|Any CPU
	EndGlobalSection
	GlobalSection(SolutionProperties) = preSolution
		HideSolutionNode = FALSE
	EndGlobalSection
	GlobalSection(ExtensibilityGlobals) = postSolution
		SolutionGuid = {D4DFF846-18E5-4FC6-BE2D-60A3AF9E396C}
	EndGlobalSection
EndGlobal
